
Microsoft Visual Studio Solution File, Format Version 12.00
# Visual Studio 2012
Project("{FAE04EC0-301F-11D3-BF4B-00C04F79EFBC}") = "Task1", "Task1\Task1.csproj", "{7B3FD0EC-5B48-4D74-BE7A-6A0FA589CA27}"
EndProject
Project("{FAE04EC0-301F-11D3-BF4B-00C04F79EFBC}") = "Task2", "Task2\Task2.csproj", "{BBE88689-9BD6-4753-9D28-A013E1D254BE}"
EndProject
Global
	GlobalSection(SolutionConfigurationPlatforms) = preSolution
		Debug|Any CPU = Debug|Any CPU
		Release|Any CPU = Release|Any CPU
	EndGlobalSection
	GlobalSection(ProjectConfigurationPlatforms) = postSolution
		{7B3FD0EC-5B48-4D74-BE7A-6A0FA589CA27}.Debug|Any CPU.ActiveCfg = Debug|Any CPU
		{7B3FD0EC-5B48-4D74-BE7A-6A0FA589CA27}.Debug|Any CPU.Build.0 = Debug|Any CPU
		{7B3FD0EC-5B48-4D74-BE7A-6A0FA589CA27}.Release|Any CPU.ActiveCfg = Release|Any CPU
		{7B3FD0EC-5B48-4D74-BE7A-6A0FA589CA27}.Release|Any CPU.Build.0 = Release|Any CPU
		{BBE88689-9BD6-4753-9D28-A013E1D254BE}.Debug|Any CPU.ActiveCfg = Debug|Any CPU
		{BBE88689-9BD6-4753-9D28-A013E1D254BE}.Debug|Any CPU.Build.0 = Debug|Any CPU
		{BBE88689-9BD6-4753-9D28-A013E1D254BE}.Release|Any CPU.ActiveCfg = Release|Any CPU
		{BBE88689-9BD6-4753-9D28-A013E1D254BE}.Release|Any CPU.Build.0 = Release|Any CPU
	EndGlobalSection
	GlobalSection(SolutionProperties) = preSolution
		HideSolutionNode = FALSE
	EndGlobalSection
EndGlobal
