
Microsoft Visual Studio Solution File, Format Version 12.00
# Visual Studio 2012
Project("{FAE04EC0-301F-11D3-BF4B-00C04F79EFBC}") = "BusinessApplication1", "BusinessApplication1\BusinessApplication1.csproj", "{389D1106-7E64-43C7-9E31-8F416FC09977}"
	ProjectSection(ProjectDependencies) = postProject
		{1DB1CDB5-CB4C-4179-84DE-8FEB19F88F1B} = {1DB1CDB5-CB4C-4179-84DE-8FEB19F88F1B}
	EndProjectSection
EndProject
Project("{FAE04EC0-301F-11D3-BF4B-00C04F79EFBC}") = "BusinessApplication1.Web", "BusinessApplication1.Web\BusinessApplication1.Web.csproj", "{1DB1CDB5-CB4C-4179-84DE-8FEB19F88F1B}"
EndProject
Global
	GlobalSection(SolutionConfigurationPlatforms) = preSolution
		Debug|Any CPU = Debug|Any CPU
		Release|Any CPU = Release|Any CPU
	EndGlobalSection
	GlobalSection(ProjectConfigurationPlatforms) = postSolution
		{389D1106-7E64-43C7-9E31-8F416FC09977}.Debug|Any CPU.ActiveCfg = Debug|Any CPU
		{389D1106-7E64-43C7-9E31-8F416FC09977}.Debug|Any CPU.Build.0 = Debug|Any CPU
		{389D1106-7E64-43C7-9E31-8F416FC09977}.Release|Any CPU.ActiveCfg = Release|Any CPU
		{389D1106-7E64-43C7-9E31-8F416FC09977}.Release|Any CPU.Build.0 = Release|Any CPU
		{1DB1CDB5-CB4C-4179-84DE-8FEB19F88F1B}.Debug|Any CPU.ActiveCfg = Debug|Any CPU
		{1DB1CDB5-CB4C-4179-84DE-8FEB19F88F1B}.Debug|Any CPU.Build.0 = Debug|Any CPU
		{1DB1CDB5-CB4C-4179-84DE-8FEB19F88F1B}.Release|Any CPU.ActiveCfg = Release|Any CPU
		{1DB1CDB5-CB4C-4179-84DE-8FEB19F88F1B}.Release|Any CPU.Build.0 = Release|Any CPU
	EndGlobalSection
	GlobalSection(SolutionProperties) = preSolution
		HideSolutionNode = FALSE
	EndGlobalSection
EndGlobal
