
Microsoft Visual Studio Solution File, Format Version 12.00
# Visual Studio 2013
VisualStudioVersion = 12.0.21005.1
MinimumVisualStudioVersion = 10.0.40219.1
Project("{FAE04EC0-301F-11D3-BF4B-00C04F79EFBC}") = "Aticles.Data", "Aticles.Data\Aticles.Data.csproj", "{80CCD37A-E322-4BA8-8DE5-76C9012C7A34}"
EndProject
Project("{FAE04EC0-301F-11D3-BF4B-00C04F79EFBC}") = "Articles.Models", "Articles.Models\Articles.Models.csproj", "{8BE031A9-E385-4DCF-B16C-87604D72D48A}"
EndProject
Project("{FAE04EC0-301F-11D3-BF4B-00C04F79EFBC}") = "Articles.WCF", "Articles.WCF\Articles.WCF.csproj", "{B6E5900C-4165-4A21-8359-BE24C060EC6F}"
EndProject
Project("{FAE04EC0-301F-11D3-BF4B-00C04F79EFBC}") = "Articles.Web", "Articles.Web\Articles.Web.csproj", "{08A2B784-8BB5-4DE8-AAFD-4174C6E70C82}"
EndProject
Global
	GlobalSection(SolutionConfigurationPlatforms) = preSolution
		Debug|Any CPU = Debug|Any CPU
		Release|Any CPU = Release|Any CPU
	EndGlobalSection
	GlobalSection(ProjectConfigurationPlatforms) = postSolution
		{80CCD37A-E322-4BA8-8DE5-76C9012C7A34}.Debug|Any CPU.ActiveCfg = Debug|Any CPU
		{80CCD37A-E322-4BA8-8DE5-76C9012C7A34}.Debug|Any CPU.Build.0 = Debug|Any CPU
		{80CCD37A-E322-4BA8-8DE5-76C9012C7A34}.Release|Any CPU.ActiveCfg = Release|Any CPU
		{80CCD37A-E322-4BA8-8DE5-76C9012C7A34}.Release|Any CPU.Build.0 = Release|Any CPU
		{8BE031A9-E385-4DCF-B16C-87604D72D48A}.Debug|Any CPU.ActiveCfg = Debug|Any CPU
		{8BE031A9-E385-4DCF-B16C-87604D72D48A}.Debug|Any CPU.Build.0 = Debug|Any CPU
		{8BE031A9-E385-4DCF-B16C-87604D72D48A}.Release|Any CPU.ActiveCfg = Release|Any CPU
		{8BE031A9-E385-4DCF-B16C-87604D72D48A}.Release|Any CPU.Build.0 = Release|Any CPU
		{B6E5900C-4165-4A21-8359-BE24C060EC6F}.Debug|Any CPU.ActiveCfg = Debug|Any CPU
		{B6E5900C-4165-4A21-8359-BE24C060EC6F}.Debug|Any CPU.Build.0 = Debug|Any CPU
		{B6E5900C-4165-4A21-8359-BE24C060EC6F}.Release|Any CPU.ActiveCfg = Release|Any CPU
		{B6E5900C-4165-4A21-8359-BE24C060EC6F}.Release|Any CPU.Build.0 = Release|Any CPU
		{08A2B784-8BB5-4DE8-AAFD-4174C6E70C82}.Debug|Any CPU.ActiveCfg = Debug|Any CPU
		{08A2B784-8BB5-4DE8-AAFD-4174C6E70C82}.Debug|Any CPU.Build.0 = Debug|Any CPU
		{08A2B784-8BB5-4DE8-AAFD-4174C6E70C82}.Release|Any CPU.ActiveCfg = Release|Any CPU
		{08A2B784-8BB5-4DE8-AAFD-4174C6E70C82}.Release|Any CPU.Build.0 = Release|Any CPU
	EndGlobalSection
	GlobalSection(SolutionProperties) = preSolution
		HideSolutionNode = FALSE
	EndGlobalSection
EndGlobal
