
Microsoft Visual Studio Solution File, Format Version 12.00
# Visual Studio 2012
Project("{FAE04EC0-301F-11D3-BF4B-00C04F79EFBC}") = "01.PrintOddLinesOfFIle", "PrintOddLinesOfFIle\01.PrintOddLinesOfFIle.csproj", "{4AC9846B-9B77-4D23-AF90-345330396A7F}"
EndProject
Project("{FAE04EC0-301F-11D3-BF4B-00C04F79EFBC}") = "02.ConcatinatesTwoTextFIles", "ConcatinatesTwoTextFIles\02.ConcatinatesTwoTextFIles.csproj", "{4980AD07-5CCF-4B57-B53B-795E01DAF5F5}"
EndProject
Project("{FAE04EC0-301F-11D3-BF4B-00C04F79EFBC}") = "03.NumbersInfrontEachLine", "NumbersInfrontEachLine\03.NumbersInfrontEachLine.csproj", "{89CD2991-F5E2-4720-B054-4E8D2923F0DA}"
EndProject
Project("{FAE04EC0-301F-11D3-BF4B-00C04F79EFBC}") = "04.CompareLineByLine", "CompareLineByLine\04.CompareLineByLine.csproj", "{42EDDE1F-DCCF-4A0D-96DF-97A6BAB2F413}"
EndProject
Project("{FAE04EC0-301F-11D3-BF4B-00C04F79EFBC}") = "05.TextFIleWithSquareMatrix", "TextFIleWithSquareMatrix\05.TextFIleWithSquareMatrix.csproj", "{DD2465E2-7DD3-4E0F-9D7B-FE190729D659}"
EndProject
Project("{FAE04EC0-301F-11D3-BF4B-00C04F79EFBC}") = "06.TextFileContainingListOFStrings", "TextFileContainingListOFStrings\06.TextFileContainingListOFStrings.csproj", "{D1DB815C-A6AC-41CA-B5AD-6891DBC369C1}"
EndProject
Project("{FAE04EC0-301F-11D3-BF4B-00C04F79EFBC}") = "07.ReplacesAllOccurences", "ReplacesAllOccurences\07.ReplacesAllOccurences.csproj", "{95ACBFA7-CF44-4DFE-A7CC-32A6FCD103D6}"
EndProject
Project("{FAE04EC0-301F-11D3-BF4B-00C04F79EFBC}") = "08.ReplaceWordsOnly", "ReplaceWordsOnly\08.ReplaceWordsOnly.csproj", "{8ADE64B9-17FD-4EB8-B020-6191E2E95EFA}"
EndProject
Project("{FAE04EC0-301F-11D3-BF4B-00C04F79EFBC}") = "09.DeleteAllOddLines", "DeleteAllOddLines\09.DeleteAllOddLines.csproj", "{29D94884-38F5-41AB-B76B-557DF369A681}"
EndProject
Project("{FAE04EC0-301F-11D3-BF4B-00C04F79EFBC}") = "10.ExtractTextFromHMLfile", "ExtractTextFromHMLfile\10.ExtractTextFromHMLfile.csproj", "{11C11721-3901-4020-B990-4E579C0988A8}"
EndProject
Project("{FAE04EC0-301F-11D3-BF4B-00C04F79EFBC}") = "11.DeleteAllWordsWithTest", "DeleteAllWordsWithTest\11.DeleteAllWordsWithTest.csproj", "{DAAD6D21-F03E-4405-843C-3AF054570387}"
EndProject
Project("{FAE04EC0-301F-11D3-BF4B-00C04F79EFBC}") = "12.RemoveAllWordsFromTextFile", "RemoveAllWordsFromTextFile\12.RemoveAllWordsFromTextFile.csproj", "{316F1698-9258-4FA3-BC11-9B2C68078125}"
EndProject
Project("{FAE04EC0-301F-11D3-BF4B-00C04F79EFBC}") = "13.ReadListOfWords", "ReadListOfWords\13.ReadListOfWords.csproj", "{162E2586-D340-4AC4-8275-A99C3A2444CE}"
EndProject
Global
	GlobalSection(SolutionConfigurationPlatforms) = preSolution
		Debug|Any CPU = Debug|Any CPU
		Release|Any CPU = Release|Any CPU
	EndGlobalSection
	GlobalSection(ProjectConfigurationPlatforms) = postSolution
		{4AC9846B-9B77-4D23-AF90-345330396A7F}.Debug|Any CPU.ActiveCfg = Debug|Any CPU
		{4AC9846B-9B77-4D23-AF90-345330396A7F}.Debug|Any CPU.Build.0 = Debug|Any CPU
		{4AC9846B-9B77-4D23-AF90-345330396A7F}.Release|Any CPU.ActiveCfg = Release|Any CPU
		{4AC9846B-9B77-4D23-AF90-345330396A7F}.Release|Any CPU.Build.0 = Release|Any CPU
		{4980AD07-5CCF-4B57-B53B-795E01DAF5F5}.Debug|Any CPU.ActiveCfg = Debug|Any CPU
		{4980AD07-5CCF-4B57-B53B-795E01DAF5F5}.Debug|Any CPU.Build.0 = Debug|Any CPU
		{4980AD07-5CCF-4B57-B53B-795E01DAF5F5}.Release|Any CPU.ActiveCfg = Release|Any CPU
		{4980AD07-5CCF-4B57-B53B-795E01DAF5F5}.Release|Any CPU.Build.0 = Release|Any CPU
		{89CD2991-F5E2-4720-B054-4E8D2923F0DA}.Debug|Any CPU.ActiveCfg = Debug|Any CPU
		{89CD2991-F5E2-4720-B054-4E8D2923F0DA}.Debug|Any CPU.Build.0 = Debug|Any CPU
		{89CD2991-F5E2-4720-B054-4E8D2923F0DA}.Release|Any CPU.ActiveCfg = Release|Any CPU
		{89CD2991-F5E2-4720-B054-4E8D2923F0DA}.Release|Any CPU.Build.0 = Release|Any CPU
		{42EDDE1F-DCCF-4A0D-96DF-97A6BAB2F413}.Debug|Any CPU.ActiveCfg = Debug|Any CPU
		{42EDDE1F-DCCF-4A0D-96DF-97A6BAB2F413}.Debug|Any CPU.Build.0 = Debug|Any CPU
		{42EDDE1F-DCCF-4A0D-96DF-97A6BAB2F413}.Release|Any CPU.ActiveCfg = Release|Any CPU
		{42EDDE1F-DCCF-4A0D-96DF-97A6BAB2F413}.Release|Any CPU.Build.0 = Release|Any CPU
		{DD2465E2-7DD3-4E0F-9D7B-FE190729D659}.Debug|Any CPU.ActiveCfg = Debug|Any CPU
		{DD2465E2-7DD3-4E0F-9D7B-FE190729D659}.Debug|Any CPU.Build.0 = Debug|Any CPU
		{DD2465E2-7DD3-4E0F-9D7B-FE190729D659}.Release|Any CPU.ActiveCfg = Release|Any CPU
		{DD2465E2-7DD3-4E0F-9D7B-FE190729D659}.Release|Any CPU.Build.0 = Release|Any CPU
		{D1DB815C-A6AC-41CA-B5AD-6891DBC369C1}.Debug|Any CPU.ActiveCfg = Debug|Any CPU
		{D1DB815C-A6AC-41CA-B5AD-6891DBC369C1}.Debug|Any CPU.Build.0 = Debug|Any CPU
		{D1DB815C-A6AC-41CA-B5AD-6891DBC369C1}.Release|Any CPU.ActiveCfg = Release|Any CPU
		{D1DB815C-A6AC-41CA-B5AD-6891DBC369C1}.Release|Any CPU.Build.0 = Release|Any CPU
		{95ACBFA7-CF44-4DFE-A7CC-32A6FCD103D6}.Debug|Any CPU.ActiveCfg = Debug|Any CPU
		{95ACBFA7-CF44-4DFE-A7CC-32A6FCD103D6}.Debug|Any CPU.Build.0 = Debug|Any CPU
		{95ACBFA7-CF44-4DFE-A7CC-32A6FCD103D6}.Release|Any CPU.ActiveCfg = Release|Any CPU
		{95ACBFA7-CF44-4DFE-A7CC-32A6FCD103D6}.Release|Any CPU.Build.0 = Release|Any CPU
		{8ADE64B9-17FD-4EB8-B020-6191E2E95EFA}.Debug|Any CPU.ActiveCfg = Debug|Any CPU
		{8ADE64B9-17FD-4EB8-B020-6191E2E95EFA}.Debug|Any CPU.Build.0 = Debug|Any CPU
		{8ADE64B9-17FD-4EB8-B020-6191E2E95EFA}.Release|Any CPU.ActiveCfg = Release|Any CPU
		{8ADE64B9-17FD-4EB8-B020-6191E2E95EFA}.Release|Any CPU.Build.0 = Release|Any CPU
		{29D94884-38F5-41AB-B76B-557DF369A681}.Debug|Any CPU.ActiveCfg = Debug|Any CPU
		{29D94884-38F5-41AB-B76B-557DF369A681}.Debug|Any CPU.Build.0 = Debug|Any CPU
		{29D94884-38F5-41AB-B76B-557DF369A681}.Release|Any CPU.ActiveCfg = Release|Any CPU
		{29D94884-38F5-41AB-B76B-557DF369A681}.Release|Any CPU.Build.0 = Release|Any CPU
		{11C11721-3901-4020-B990-4E579C0988A8}.Debug|Any CPU.ActiveCfg = Debug|Any CPU
		{11C11721-3901-4020-B990-4E579C0988A8}.Debug|Any CPU.Build.0 = Debug|Any CPU
		{11C11721-3901-4020-B990-4E579C0988A8}.Release|Any CPU.ActiveCfg = Release|Any CPU
		{11C11721-3901-4020-B990-4E579C0988A8}.Release|Any CPU.Build.0 = Release|Any CPU
		{DAAD6D21-F03E-4405-843C-3AF054570387}.Debug|Any CPU.ActiveCfg = Debug|Any CPU
		{DAAD6D21-F03E-4405-843C-3AF054570387}.Debug|Any CPU.Build.0 = Debug|Any CPU
		{DAAD6D21-F03E-4405-843C-3AF054570387}.Release|Any CPU.ActiveCfg = Release|Any CPU
		{DAAD6D21-F03E-4405-843C-3AF054570387}.Release|Any CPU.Build.0 = Release|Any CPU
		{316F1698-9258-4FA3-BC11-9B2C68078125}.Debug|Any CPU.ActiveCfg = Debug|Any CPU
		{316F1698-9258-4FA3-BC11-9B2C68078125}.Debug|Any CPU.Build.0 = Debug|Any CPU
		{316F1698-9258-4FA3-BC11-9B2C68078125}.Release|Any CPU.ActiveCfg = Release|Any CPU
		{316F1698-9258-4FA3-BC11-9B2C68078125}.Release|Any CPU.Build.0 = Release|Any CPU
		{162E2586-D340-4AC4-8275-A99C3A2444CE}.Debug|Any CPU.ActiveCfg = Debug|Any CPU
		{162E2586-D340-4AC4-8275-A99C3A2444CE}.Debug|Any CPU.Build.0 = Debug|Any CPU
		{162E2586-D340-4AC4-8275-A99C3A2444CE}.Release|Any CPU.ActiveCfg = Release|Any CPU
		{162E2586-D340-4AC4-8275-A99C3A2444CE}.Release|Any CPU.Build.0 = Release|Any CPU
	EndGlobalSection
	GlobalSection(SolutionProperties) = preSolution
		HideSolutionNode = FALSE
	EndGlobalSection
EndGlobal
