
Microsoft Visual Studio Solution File, Format Version 12.00
# Visual Studio 2012
Project("{FAE04EC0-301F-11D3-BF4B-00C04F79EFBC}") = "Arrays", "Arrays\Arrays.csproj", "{FC661DED-1B75-4034-8C6C-7067BCC2C919}"
EndProject
Global
	GlobalSection(SolutionConfigurationPlatforms) = preSolution
		Debug|Any CPU = Debug|Any CPU
		Release|Any CPU = Release|Any CPU
	EndGlobalSection
	GlobalSection(ProjectConfigurationPlatforms) = postSolution
		{FC661DED-1B75-4034-8C6C-7067BCC2C919}.Debug|Any CPU.ActiveCfg = Debug|Any CPU
		{FC661DED-1B75-4034-8C6C-7067BCC2C919}.Debug|Any CPU.Build.0 = Debug|Any CPU
		{FC661DED-1B75-4034-8C6C-7067BCC2C919}.Release|Any CPU.ActiveCfg = Release|Any CPU
		{FC661DED-1B75-4034-8C6C-7067BCC2C919}.Release|Any CPU.Build.0 = Release|Any CPU
	EndGlobalSection
	GlobalSection(SolutionProperties) = preSolution
		HideSolutionNode = FALSE
	EndGlobalSection
EndGlobal
