
Microsoft Visual Studio Solution File, Format Version 12.00
# Visual Studio 2012
Project("{FAE04EC0-301F-11D3-BF4B-00C04F79EFBC}") = "TELERIK-JS-APPLICATIONS-HW4", "TELERIK-JS-APPLICATIONS-HW4\TELERIK-JS-APPLICATIONS-HW4.csproj", "{ABD3FED9-CA82-432C-9944-577DD714A87D}"
EndProject
Global
	GlobalSection(SolutionConfigurationPlatforms) = preSolution
		Debug|Any CPU = Debug|Any CPU
		Release|Any CPU = Release|Any CPU
	EndGlobalSection
	GlobalSection(ProjectConfigurationPlatforms) = postSolution
		{ABD3FED9-CA82-432C-9944-577DD714A87D}.Debug|Any CPU.ActiveCfg = Debug|Any CPU
		{ABD3FED9-CA82-432C-9944-577DD714A87D}.Debug|Any CPU.Build.0 = Debug|Any CPU
		{ABD3FED9-CA82-432C-9944-577DD714A87D}.Release|Any CPU.ActiveCfg = Release|Any CPU
		{ABD3FED9-CA82-432C-9944-577DD714A87D}.Release|Any CPU.Build.0 = Release|Any CPU
	EndGlobalSection
	GlobalSection(SolutionProperties) = preSolution
		HideSolutionNode = FALSE
	EndGlobalSection
EndGlobal
