
Microsoft Visual Studio Solution File, Format Version 12.00
# Visual Studio 2012
Project("{FAE04EC0-301F-11D3-BF4B-00C04F79EFBC}") = "CodeFormating", "CodeFormating\CodeFormating.csproj", "{F6A3FF69-9D85-44E8-8FA5-04BB072A7FC5}"
EndProject
Global
	GlobalSection(SolutionConfigurationPlatforms) = preSolution
		Debug|Any CPU = Debug|Any CPU
		Release|Any CPU = Release|Any CPU
	EndGlobalSection
	GlobalSection(ProjectConfigurationPlatforms) = postSolution
		{F6A3FF69-9D85-44E8-8FA5-04BB072A7FC5}.Debug|Any CPU.ActiveCfg = Debug|Any CPU
		{F6A3FF69-9D85-44E8-8FA5-04BB072A7FC5}.Debug|Any CPU.Build.0 = Debug|Any CPU
		{F6A3FF69-9D85-44E8-8FA5-04BB072A7FC5}.Release|Any CPU.ActiveCfg = Release|Any CPU
		{F6A3FF69-9D85-44E8-8FA5-04BB072A7FC5}.Release|Any CPU.Build.0 = Release|Any CPU
	EndGlobalSection
	GlobalSection(SolutionProperties) = preSolution
		HideSolutionNode = FALSE
	EndGlobalSection
EndGlobal
