
Microsoft Visual Studio Solution File, Format Version 12.00
# Visual Studio 2013
VisualStudioVersion = 12.0.21005.1
MinimumVisualStudioVersion = 10.0.40219.1
Project("{FAE04EC0-301F-11D3-BF4B-00C04F79EFBC}") = "ATMMachine.Model", "ATMMachine.Model\ATMMachine.Model.csproj", "{3FD803AE-D761-4D57-84EA-468D01B41692}"
EndProject
Project("{FAE04EC0-301F-11D3-BF4B-00C04F79EFBC}") = "ATMMachineDatabase", "ATMMachineDatabase\ATMMachineDatabase.csproj", "{8E2456B9-F14F-4C99-A30B-7626008C4F24}"
EndProject
Project("{FAE04EC0-301F-11D3-BF4B-00C04F79EFBC}") = "ATMMachine.Data", "ATMMachineData\ATMMachine.Data.csproj", "{8CA73680-8D8B-4204-B45C-3801EB992712}"
EndProject
Global
	GlobalSection(SolutionConfigurationPlatforms) = preSolution
		Debug|Any CPU = Debug|Any CPU
		Release|Any CPU = Release|Any CPU
	EndGlobalSection
	GlobalSection(ProjectConfigurationPlatforms) = postSolution
		{3FD803AE-D761-4D57-84EA-468D01B41692}.Debug|Any CPU.ActiveCfg = Debug|Any CPU
		{3FD803AE-D761-4D57-84EA-468D01B41692}.Debug|Any CPU.Build.0 = Debug|Any CPU
		{3FD803AE-D761-4D57-84EA-468D01B41692}.Release|Any CPU.ActiveCfg = Release|Any CPU
		{3FD803AE-D761-4D57-84EA-468D01B41692}.Release|Any CPU.Build.0 = Release|Any CPU
		{8E2456B9-F14F-4C99-A30B-7626008C4F24}.Debug|Any CPU.ActiveCfg = Debug|Any CPU
		{8E2456B9-F14F-4C99-A30B-7626008C4F24}.Debug|Any CPU.Build.0 = Debug|Any CPU
		{8E2456B9-F14F-4C99-A30B-7626008C4F24}.Release|Any CPU.ActiveCfg = Release|Any CPU
		{8E2456B9-F14F-4C99-A30B-7626008C4F24}.Release|Any CPU.Build.0 = Release|Any CPU
		{8CA73680-8D8B-4204-B45C-3801EB992712}.Debug|Any CPU.ActiveCfg = Debug|Any CPU
		{8CA73680-8D8B-4204-B45C-3801EB992712}.Debug|Any CPU.Build.0 = Debug|Any CPU
		{8CA73680-8D8B-4204-B45C-3801EB992712}.Release|Any CPU.ActiveCfg = Release|Any CPU
		{8CA73680-8D8B-4204-B45C-3801EB992712}.Release|Any CPU.Build.0 = Release|Any CPU
	EndGlobalSection
	GlobalSection(SolutionProperties) = preSolution
		HideSolutionNode = FALSE
	EndGlobalSection
EndGlobal
