
Microsoft Visual Studio Solution File, Format Version 12.00
# Visual Studio 2012
Project("{FAE04EC0-301F-11D3-BF4B-00C04F79EFBC}") = "01.ShipDamage", "ShipDamage\01.ShipDamage.csproj", "{9737EFC0-F60E-4593-AD5D-82ED92DAC788}"
EndProject
Project("{FAE04EC0-301F-11D3-BF4B-00C04F79EFBC}") = "02.WeAllLoveBits", "WeAllLoveBits\02.WeAllLoveBits.csproj", "{771E5827-BBE3-4437-8B3C-AA5CE4E6F62C}"
EndProject
Project("{FAE04EC0-301F-11D3-BF4B-00C04F79EFBC}") = "03.CoffeMachine", "CoffeMachine\03.CoffeMachine.csproj", "{EA6A4E45-4F44-40B4-8390-6AA8B58A723A}"
EndProject
Project("{2150E333-8FDC-42A3-9474-1A3956D46DE8}") = "Solution Items", "Solution Items", "{B4686FF4-085C-4F21-9143-674C5C3C46E5}"
	ProjectSection(SolutionItems) = preProject
		TextFile1.txt = TextFile1.txt
	EndProjectSection
EndProject
Project("{FAE04EC0-301F-11D3-BF4B-00C04F79EFBC}") = "04.DrunkenNumbers", "DrunkenNumbers\04.DrunkenNumbers.csproj", "{0FB76DA8-B4FB-4F1E-956D-BBA6EA4F0AE0}"
EndProject
Project("{FAE04EC0-301F-11D3-BF4B-00C04F79EFBC}") = "05.BoolsAndCows", "BoolsAndCows\05.BoolsAndCows.csproj", "{A82CC336-BE29-4E66-B54A-9284B6AD5649}"
EndProject
Project("{FAE04EC0-301F-11D3-BF4B-00C04F79EFBC}") = "06.Neurons", "Neurons\06.Neurons.csproj", "{7B3586B6-2407-43DA-BF3B-24E808497298}"
EndProject
Project("{FAE04EC0-301F-11D3-BF4B-00C04F79EFBC}") = "07.Garden", "Garden\07.Garden.csproj", "{A2E64F7B-5521-470B-91C8-59A26D5494FC}"
EndProject
Project("{FAE04EC0-301F-11D3-BF4B-00C04F79EFBC}") = "08.SecretSum", "SecretSum\08.SecretSum.csproj", "{C5379822-4218-42E6-91C1-CF95104BB6BC}"
EndProject
Project("{FAE04EC0-301F-11D3-BF4B-00C04F79EFBC}") = "09.CardWarsBatka", "CardWarsBatka\09.CardWarsBatka.csproj", "{C4CCB630-01CB-4E05-8E46-D8C437FB0502}"
EndProject
Project("{FAE04EC0-301F-11D3-BF4B-00C04F79EFBC}") = "10.BatGoikoTower", "BatGoikoTower\10.BatGoikoTower.csproj", "{7464C382-56F3-4EBE-A8B4-2E9B5DEC89BA}"
EndProject
Project("{FAE04EC0-301F-11D3-BF4B-00C04F79EFBC}") = "11.Bitris", "Bitris\11.Bitris.csproj", "{114A51AF-2A0D-4034-B0E1-EA262D824053}"
EndProject
Project("{FAE04EC0-301F-11D3-BF4B-00C04F79EFBC}") = "12.BInaryDigitCount", "BInaryDigitCount\12.BInaryDigitCount.csproj", "{9EA7AB5C-0D95-4457-B4E6-10632AF12794}"
EndProject
Project("{FAE04EC0-301F-11D3-BF4B-00C04F79EFBC}") = "13.SubsetSum", "SubsetSum\13.SubsetSum.csproj", "{05D98689-F0F3-4262-ADDF-3FC1D1E192AD}"
EndProject
Project("{FAE04EC0-301F-11D3-BF4B-00C04F79EFBC}") = "14.MathExpression", "MathExpression\14.MathExpression.csproj", "{EB7DAC4D-0288-439F-AA4A-838C269AD662}"
EndProject
Project("{FAE04EC0-301F-11D3-BF4B-00C04F79EFBC}") = "15.LeastMajorityMultiple", "LeastMajorityMultiple\15.LeastMajorityMultiple.csproj", "{6ED1AAC1-ED65-4023-93B9-13B059D262AF}"
EndProject
Project("{FAE04EC0-301F-11D3-BF4B-00C04F79EFBC}") = "16.Trapezoid", "Trapezoid\16.Trapezoid.csproj", "{5E71EF4C-DB1C-4984-BE7E-26AC06E80489}"
EndProject
Project("{FAE04EC0-301F-11D3-BF4B-00C04F79EFBC}") = "17.OddNumber", "OddNumber\17.OddNumber.csproj", "{C6FF1580-58A5-4EF6-9B94-4686128F0DC1}"
EndProject
Project("{FAE04EC0-301F-11D3-BF4B-00C04F79EFBC}") = "18.fallDown", "fallDown\18.fallDown.csproj", "{D6773A66-7424-452E-B04B-22F3368B1003}"
EndProject
Project("{FAE04EC0-301F-11D3-BF4B-00C04F79EFBC}") = "19.falldown2", "falldown2\19.falldown2.csproj", "{838E5222-441B-497C-BDFE-30AF2B61FE55}"
EndProject
Project("{FAE04EC0-301F-11D3-BF4B-00C04F79EFBC}") = "20.Pillars", "Pillars\20.Pillars.csproj", "{CD073A14-6067-4407-9F9D-5E6E4D25A36A}"
EndProject
Project("{FAE04EC0-301F-11D3-BF4B-00C04F79EFBC}") = "21.SevenLandNumber", "SevenLandNumber\21.SevenLandNumber.csproj", "{A2FF4268-24B2-440E-9607-606546F54B5C}"
EndProject
Project("{FAE04EC0-301F-11D3-BF4B-00C04F79EFBC}") = "22.A-Nacci", "A-Nacci\22.A-Nacci.csproj", "{C2879395-FAE7-4A06-AB50-C49BEE2B0B01}"
EndProject
Project("{FAE04EC0-301F-11D3-BF4B-00C04F79EFBC}") = "23.ExelColumn", "ExelColumn\23.ExelColumn.csproj", "{21A186FF-78CF-485B-9483-96DE72CA7F80}"
EndProject
Project("{FAE04EC0-301F-11D3-BF4B-00C04F79EFBC}") = "24.TelerikLogo", "TelerikLogo\24.TelerikLogo.csproj", "{8E8C822E-A751-4412-B839-90CAA118D870}"
EndProject
Project("{FAE04EC0-301F-11D3-BF4B-00C04F79EFBC}") = "25.tribonachiRectangle", "tribonachiRectangle\25.tribonachiRectangle.csproj", "{53C1AB12-FFF4-4E05-9604-58F18EF14FEA}"
EndProject
Project("{FAE04EC0-301F-11D3-BF4B-00C04F79EFBC}") = "26.NextDate", "NextDate\26.NextDate.csproj", "{765D84E0-600F-4379-8859-F69906CB2D1E}"
EndProject
Project("{FAE04EC0-301F-11D3-BF4B-00C04F79EFBC}") = "27.Sheets", "Sheets\27.Sheets.csproj", "{9187A3F9-D4DE-48A8-B386-C4C13FA224F1}"
EndProject
Project("{FAE04EC0-301F-11D3-BF4B-00C04F79EFBC}") = "28.Carpets", "Carpets\28.Carpets.csproj", "{90BCD5B1-09E2-47F5-AE8A-D38A8F6C5AFC}"
EndProject
Project("{FAE04EC0-301F-11D3-BF4B-00C04F79EFBC}") = "27.sheets2", "sheets2\27.sheets2.csproj", "{A6C0C898-671B-4587-B13F-D0A400EC8DAF}"
EndProject
Project("{FAE04EC0-301F-11D3-BF4B-00C04F79EFBC}") = "29.formulaBit", "formulaBit\29.formulaBit.csproj", "{D4D9AD87-8186-4E56-912B-7B85D4985B8D}"
EndProject
Project("{FAE04EC0-301F-11D3-BF4B-00C04F79EFBC}") = "30.BitBall", "BitBall\30.BitBall.csproj", "{F273A598-0972-4B63-883A-EF67187EB929}"
EndProject
Project("{FAE04EC0-301F-11D3-BF4B-00C04F79EFBC}") = "31.TrippleRotationOfDigits", "TrippleRotationOfDigits\31.TrippleRotationOfDigits.csproj", "{53E460ED-1B8B-4D6E-853D-F2668B900243}"
EndProject
Project("{FAE04EC0-301F-11D3-BF4B-00C04F79EFBC}") = "32.QuadronacciRectangle", "QuadronacciRectangle\32.QuadronacciRectangle.csproj", "{25D3FB24-144E-4384-85E3-048F73DB6EC8}"
EndProject
Project("{FAE04EC0-301F-11D3-BF4B-00C04F79EFBC}") = "33.Poker", "Poker\33.Poker.csproj", "{2866CC31-A364-4A82-BDD4-4A5CA54425F6}"
EndProject
Project("{FAE04EC0-301F-11D3-BF4B-00C04F79EFBC}") = "34.AngryBIts", "AngryBIts\34.AngryBIts.csproj", "{D24165A9-1CE4-420F-AE2E-AC2BA7A79055}"
EndProject
Project("{FAE04EC0-301F-11D3-BF4B-00C04F79EFBC}") = "35.FighterAttack", "FighterAttack\35.FighterAttack.csproj", "{677B0FA8-F504-465A-A8E9-0337998F3BFA}"
EndProject
Project("{FAE04EC0-301F-11D3-BF4B-00C04F79EFBC}") = "36.AstrologicalDigit", "AstrologicalDigit\36.AstrologicalDigit.csproj", "{77CC05DB-1BF4-4C27-A283-EFB5056A2462}"
EndProject
Project("{FAE04EC0-301F-11D3-BF4B-00C04F79EFBC}") = "38.SandGlass", "SandGlass\38.SandGlass.csproj", "{2F8499B0-F355-4E15-9630-72A71B36C024}"
EndProject
Project("{FAE04EC0-301F-11D3-BF4B-00C04F79EFBC}") = "39.dancingBits", "dancingBits\39.dancingBits.csproj", "{772E5841-9E78-4333-B13D-AE2FFD59CDB2}"
EndProject
Project("{FAE04EC0-301F-11D3-BF4B-00C04F79EFBC}") = "40.Lines", "Lines\40.Lines.csproj", "{94BE42A4-6169-40AF-98F5-20F005C584FF}"
EndProject
Project("{FAE04EC0-301F-11D3-BF4B-00C04F79EFBC}") = "tests", "tests\tests.csproj", "{0B3C8F12-F274-49A5-AAA4-C9F14B815403}"
EndProject
Project("{FAE04EC0-301F-11D3-BF4B-00C04F79EFBC}") = "41.CartesianCoordinate", "CartesianCoordinate\41.CartesianCoordinate.csproj", "{D4BB4948-85E0-4888-B153-DDEDEC91CFFF}"
EndProject
Project("{FAE04EC0-301F-11D3-BF4B-00C04F79EFBC}") = "42.MissCat2011", "MissCat2011\42.MissCat2011.csproj", "{240729D0-D440-433E-9F17-01397E2DA130}"
EndProject
Project("{FAE04EC0-301F-11D3-BF4B-00C04F79EFBC}") = "43.ForestRoad", "ForestRoad\43.ForestRoad.csproj", "{90F08CB1-3619-4B74-9787-DD7CD442C0FC}"
EndProject
Project("{FAE04EC0-301F-11D3-BF4B-00C04F79EFBC}") = "12.BinaryDigitCount2", "BinaryDigitCount2\12.BinaryDigitCount2.csproj", "{B3F601DC-954A-4E5D-80D7-1E54EB0B85A2}"
EndProject
Project("{FAE04EC0-301F-11D3-BF4B-00C04F79EFBC}") = "13.SubsetSum2", "SubsetSum2\13.SubsetSum2.csproj", "{A65EB119-2B50-4275-8902-858A9DFA69DB}"
EndProject
Project("{FAE04EC0-301F-11D3-BF4B-00C04F79EFBC}") = "28.Carpets2", "Carpets2\28.Carpets2.csproj", "{D4A00DA5-AD8B-44C7-8001-57CC747083AC}"
EndProject
Project("{FAE04EC0-301F-11D3-BF4B-00C04F79EFBC}") = "06.Neurons2", "Neurons2\06.Neurons2.csproj", "{64C42EF4-0841-4D98-B80D-A5EB298B9A49}"
EndProject
Project("{FAE04EC0-301F-11D3-BF4B-00C04F79EFBC}") = "44.Fire", "FirThree\44.Fire.csproj", "{04CB27BB-EB49-4853-AD7A-FB89B4C7E57F}"
EndProject
Project("{FAE04EC0-301F-11D3-BF4B-00C04F79EFBC}") = "45.Tribonacci", "Tribonacci\45.Tribonacci.csproj", "{72A247A6-8D41-45EC-BED1-CE596EEECBF8}"
EndProject
Project("{FAE04EC0-301F-11D3-BF4B-00C04F79EFBC}") = "46.FirTree", "FirTree\46.FirTree.csproj", "{61E8439D-E604-4AB6-9D53-D6EEC8561A3C}"
EndProject
Project("{FAE04EC0-301F-11D3-BF4B-00C04F79EFBC}") = "47.BritishFlag", "BritishFlag\47.BritishFlag.csproj", "{477DCE8E-B71F-4F5D-8FB4-0A62A774D63F}"
EndProject
Project("{FAE04EC0-301F-11D3-BF4B-00C04F79EFBC}") = "48.FormulaBIt-second", "FormulaBIt-second\48.FormulaBIt-second.csproj", "{DD29966F-AD1C-40F6-97E0-B001DA23F59D}"
EndProject
Project("{FAE04EC0-301F-11D3-BF4B-00C04F79EFBC}") = "50.Task1-SoftUNI", "Task1-SoftUNI\50.Task1-SoftUNI.csproj", "{6A5A11AC-A400-4FC9-88ED-84479EFD30BE}"
EndProject
Project("{FAE04EC0-301F-11D3-BF4B-00C04F79EFBC}") = "51.Task2-SoftUNI", "Task2-SoftUNI\51.Task2-SoftUNI.csproj", "{20B340DD-51B6-4A44-9A43-3E0DE390E685}"
EndProject
Project("{FAE04EC0-301F-11D3-BF4B-00C04F79EFBC}") = "52.Task3-SoftUNI", "Task3-SoftUNI\52.Task3-SoftUNI.csproj", "{907D4FE1-82B3-4C65-9870-3ED8FF5DC6CF}"
EndProject
Project("{FAE04EC0-301F-11D3-BF4B-00C04F79EFBC}") = "53.Task4-SoftUNI", "Task4-SoftUNI\53.Task4-SoftUNI.csproj", "{1CD9C917-B814-47BF-9791-9B212429356F}"
EndProject
Project("{FAE04EC0-301F-11D3-BF4B-00C04F79EFBC}") = "54.Task5-SoftUNI", "Task5-SoftUNI\54.Task5-SoftUNI.csproj", "{8E01A39A-0504-49EE-9551-6E4E1DB2F0C3}"
EndProject
Global
	GlobalSection(SolutionConfigurationPlatforms) = preSolution
		Debug|Any CPU = Debug|Any CPU
		Release|Any CPU = Release|Any CPU
	EndGlobalSection
	GlobalSection(ProjectConfigurationPlatforms) = postSolution
		{9737EFC0-F60E-4593-AD5D-82ED92DAC788}.Debug|Any CPU.ActiveCfg = Debug|Any CPU
		{9737EFC0-F60E-4593-AD5D-82ED92DAC788}.Debug|Any CPU.Build.0 = Debug|Any CPU
		{9737EFC0-F60E-4593-AD5D-82ED92DAC788}.Release|Any CPU.ActiveCfg = Release|Any CPU
		{9737EFC0-F60E-4593-AD5D-82ED92DAC788}.Release|Any CPU.Build.0 = Release|Any CPU
		{771E5827-BBE3-4437-8B3C-AA5CE4E6F62C}.Debug|Any CPU.ActiveCfg = Debug|Any CPU
		{771E5827-BBE3-4437-8B3C-AA5CE4E6F62C}.Debug|Any CPU.Build.0 = Debug|Any CPU
		{771E5827-BBE3-4437-8B3C-AA5CE4E6F62C}.Release|Any CPU.ActiveCfg = Release|Any CPU
		{771E5827-BBE3-4437-8B3C-AA5CE4E6F62C}.Release|Any CPU.Build.0 = Release|Any CPU
		{EA6A4E45-4F44-40B4-8390-6AA8B58A723A}.Debug|Any CPU.ActiveCfg = Debug|Any CPU
		{EA6A4E45-4F44-40B4-8390-6AA8B58A723A}.Debug|Any CPU.Build.0 = Debug|Any CPU
		{EA6A4E45-4F44-40B4-8390-6AA8B58A723A}.Release|Any CPU.ActiveCfg = Release|Any CPU
		{EA6A4E45-4F44-40B4-8390-6AA8B58A723A}.Release|Any CPU.Build.0 = Release|Any CPU
		{0FB76DA8-B4FB-4F1E-956D-BBA6EA4F0AE0}.Debug|Any CPU.ActiveCfg = Debug|Any CPU
		{0FB76DA8-B4FB-4F1E-956D-BBA6EA4F0AE0}.Debug|Any CPU.Build.0 = Debug|Any CPU
		{0FB76DA8-B4FB-4F1E-956D-BBA6EA4F0AE0}.Release|Any CPU.ActiveCfg = Release|Any CPU
		{0FB76DA8-B4FB-4F1E-956D-BBA6EA4F0AE0}.Release|Any CPU.Build.0 = Release|Any CPU
		{A82CC336-BE29-4E66-B54A-9284B6AD5649}.Debug|Any CPU.ActiveCfg = Debug|Any CPU
		{A82CC336-BE29-4E66-B54A-9284B6AD5649}.Debug|Any CPU.Build.0 = Debug|Any CPU
		{A82CC336-BE29-4E66-B54A-9284B6AD5649}.Release|Any CPU.ActiveCfg = Release|Any CPU
		{A82CC336-BE29-4E66-B54A-9284B6AD5649}.Release|Any CPU.Build.0 = Release|Any CPU
		{7B3586B6-2407-43DA-BF3B-24E808497298}.Debug|Any CPU.ActiveCfg = Debug|Any CPU
		{7B3586B6-2407-43DA-BF3B-24E808497298}.Debug|Any CPU.Build.0 = Debug|Any CPU
		{7B3586B6-2407-43DA-BF3B-24E808497298}.Release|Any CPU.ActiveCfg = Release|Any CPU
		{7B3586B6-2407-43DA-BF3B-24E808497298}.Release|Any CPU.Build.0 = Release|Any CPU
		{A2E64F7B-5521-470B-91C8-59A26D5494FC}.Debug|Any CPU.ActiveCfg = Debug|Any CPU
		{A2E64F7B-5521-470B-91C8-59A26D5494FC}.Debug|Any CPU.Build.0 = Debug|Any CPU
		{A2E64F7B-5521-470B-91C8-59A26D5494FC}.Release|Any CPU.ActiveCfg = Release|Any CPU
		{A2E64F7B-5521-470B-91C8-59A26D5494FC}.Release|Any CPU.Build.0 = Release|Any CPU
		{C5379822-4218-42E6-91C1-CF95104BB6BC}.Debug|Any CPU.ActiveCfg = Debug|Any CPU
		{C5379822-4218-42E6-91C1-CF95104BB6BC}.Debug|Any CPU.Build.0 = Debug|Any CPU
		{C5379822-4218-42E6-91C1-CF95104BB6BC}.Release|Any CPU.ActiveCfg = Release|Any CPU
		{C5379822-4218-42E6-91C1-CF95104BB6BC}.Release|Any CPU.Build.0 = Release|Any CPU
		{C4CCB630-01CB-4E05-8E46-D8C437FB0502}.Debug|Any CPU.ActiveCfg = Debug|Any CPU
		{C4CCB630-01CB-4E05-8E46-D8C437FB0502}.Debug|Any CPU.Build.0 = Debug|Any CPU
		{C4CCB630-01CB-4E05-8E46-D8C437FB0502}.Release|Any CPU.ActiveCfg = Release|Any CPU
		{C4CCB630-01CB-4E05-8E46-D8C437FB0502}.Release|Any CPU.Build.0 = Release|Any CPU
		{7464C382-56F3-4EBE-A8B4-2E9B5DEC89BA}.Debug|Any CPU.ActiveCfg = Debug|Any CPU
		{7464C382-56F3-4EBE-A8B4-2E9B5DEC89BA}.Debug|Any CPU.Build.0 = Debug|Any CPU
		{7464C382-56F3-4EBE-A8B4-2E9B5DEC89BA}.Release|Any CPU.ActiveCfg = Release|Any CPU
		{7464C382-56F3-4EBE-A8B4-2E9B5DEC89BA}.Release|Any CPU.Build.0 = Release|Any CPU
		{114A51AF-2A0D-4034-B0E1-EA262D824053}.Debug|Any CPU.ActiveCfg = Debug|Any CPU
		{114A51AF-2A0D-4034-B0E1-EA262D824053}.Debug|Any CPU.Build.0 = Debug|Any CPU
		{114A51AF-2A0D-4034-B0E1-EA262D824053}.Release|Any CPU.ActiveCfg = Release|Any CPU
		{114A51AF-2A0D-4034-B0E1-EA262D824053}.Release|Any CPU.Build.0 = Release|Any CPU
		{9EA7AB5C-0D95-4457-B4E6-10632AF12794}.Debug|Any CPU.ActiveCfg = Debug|Any CPU
		{9EA7AB5C-0D95-4457-B4E6-10632AF12794}.Debug|Any CPU.Build.0 = Debug|Any CPU
		{9EA7AB5C-0D95-4457-B4E6-10632AF12794}.Release|Any CPU.ActiveCfg = Release|Any CPU
		{9EA7AB5C-0D95-4457-B4E6-10632AF12794}.Release|Any CPU.Build.0 = Release|Any CPU
		{05D98689-F0F3-4262-ADDF-3FC1D1E192AD}.Debug|Any CPU.ActiveCfg = Debug|Any CPU
		{05D98689-F0F3-4262-ADDF-3FC1D1E192AD}.Debug|Any CPU.Build.0 = Debug|Any CPU
		{05D98689-F0F3-4262-ADDF-3FC1D1E192AD}.Release|Any CPU.ActiveCfg = Release|Any CPU
		{05D98689-F0F3-4262-ADDF-3FC1D1E192AD}.Release|Any CPU.Build.0 = Release|Any CPU
		{EB7DAC4D-0288-439F-AA4A-838C269AD662}.Debug|Any CPU.ActiveCfg = Debug|Any CPU
		{EB7DAC4D-0288-439F-AA4A-838C269AD662}.Debug|Any CPU.Build.0 = Debug|Any CPU
		{EB7DAC4D-0288-439F-AA4A-838C269AD662}.Release|Any CPU.ActiveCfg = Release|Any CPU
		{EB7DAC4D-0288-439F-AA4A-838C269AD662}.Release|Any CPU.Build.0 = Release|Any CPU
		{6ED1AAC1-ED65-4023-93B9-13B059D262AF}.Debug|Any CPU.ActiveCfg = Debug|Any CPU
		{6ED1AAC1-ED65-4023-93B9-13B059D262AF}.Debug|Any CPU.Build.0 = Debug|Any CPU
		{6ED1AAC1-ED65-4023-93B9-13B059D262AF}.Release|Any CPU.ActiveCfg = Release|Any CPU
		{6ED1AAC1-ED65-4023-93B9-13B059D262AF}.Release|Any CPU.Build.0 = Release|Any CPU
		{5E71EF4C-DB1C-4984-BE7E-26AC06E80489}.Debug|Any CPU.ActiveCfg = Debug|Any CPU
		{5E71EF4C-DB1C-4984-BE7E-26AC06E80489}.Debug|Any CPU.Build.0 = Debug|Any CPU
		{5E71EF4C-DB1C-4984-BE7E-26AC06E80489}.Release|Any CPU.ActiveCfg = Release|Any CPU
		{5E71EF4C-DB1C-4984-BE7E-26AC06E80489}.Release|Any CPU.Build.0 = Release|Any CPU
		{C6FF1580-58A5-4EF6-9B94-4686128F0DC1}.Debug|Any CPU.ActiveCfg = Debug|Any CPU
		{C6FF1580-58A5-4EF6-9B94-4686128F0DC1}.Debug|Any CPU.Build.0 = Debug|Any CPU
		{C6FF1580-58A5-4EF6-9B94-4686128F0DC1}.Release|Any CPU.ActiveCfg = Release|Any CPU
		{C6FF1580-58A5-4EF6-9B94-4686128F0DC1}.Release|Any CPU.Build.0 = Release|Any CPU
		{D6773A66-7424-452E-B04B-22F3368B1003}.Debug|Any CPU.ActiveCfg = Debug|Any CPU
		{D6773A66-7424-452E-B04B-22F3368B1003}.Debug|Any CPU.Build.0 = Debug|Any CPU
		{D6773A66-7424-452E-B04B-22F3368B1003}.Release|Any CPU.ActiveCfg = Release|Any CPU
		{D6773A66-7424-452E-B04B-22F3368B1003}.Release|Any CPU.Build.0 = Release|Any CPU
		{838E5222-441B-497C-BDFE-30AF2B61FE55}.Debug|Any CPU.ActiveCfg = Debug|Any CPU
		{838E5222-441B-497C-BDFE-30AF2B61FE55}.Debug|Any CPU.Build.0 = Debug|Any CPU
		{838E5222-441B-497C-BDFE-30AF2B61FE55}.Release|Any CPU.ActiveCfg = Release|Any CPU
		{838E5222-441B-497C-BDFE-30AF2B61FE55}.Release|Any CPU.Build.0 = Release|Any CPU
		{CD073A14-6067-4407-9F9D-5E6E4D25A36A}.Debug|Any CPU.ActiveCfg = Debug|Any CPU
		{CD073A14-6067-4407-9F9D-5E6E4D25A36A}.Debug|Any CPU.Build.0 = Debug|Any CPU
		{CD073A14-6067-4407-9F9D-5E6E4D25A36A}.Release|Any CPU.ActiveCfg = Release|Any CPU
		{CD073A14-6067-4407-9F9D-5E6E4D25A36A}.Release|Any CPU.Build.0 = Release|Any CPU
		{A2FF4268-24B2-440E-9607-606546F54B5C}.Debug|Any CPU.ActiveCfg = Debug|Any CPU
		{A2FF4268-24B2-440E-9607-606546F54B5C}.Debug|Any CPU.Build.0 = Debug|Any CPU
		{A2FF4268-24B2-440E-9607-606546F54B5C}.Release|Any CPU.ActiveCfg = Release|Any CPU
		{A2FF4268-24B2-440E-9607-606546F54B5C}.Release|Any CPU.Build.0 = Release|Any CPU
		{C2879395-FAE7-4A06-AB50-C49BEE2B0B01}.Debug|Any CPU.ActiveCfg = Debug|Any CPU
		{C2879395-FAE7-4A06-AB50-C49BEE2B0B01}.Debug|Any CPU.Build.0 = Debug|Any CPU
		{C2879395-FAE7-4A06-AB50-C49BEE2B0B01}.Release|Any CPU.ActiveCfg = Release|Any CPU
		{C2879395-FAE7-4A06-AB50-C49BEE2B0B01}.Release|Any CPU.Build.0 = Release|Any CPU
		{21A186FF-78CF-485B-9483-96DE72CA7F80}.Debug|Any CPU.ActiveCfg = Debug|Any CPU
		{21A186FF-78CF-485B-9483-96DE72CA7F80}.Debug|Any CPU.Build.0 = Debug|Any CPU
		{21A186FF-78CF-485B-9483-96DE72CA7F80}.Release|Any CPU.ActiveCfg = Release|Any CPU
		{21A186FF-78CF-485B-9483-96DE72CA7F80}.Release|Any CPU.Build.0 = Release|Any CPU
		{8E8C822E-A751-4412-B839-90CAA118D870}.Debug|Any CPU.ActiveCfg = Debug|Any CPU
		{8E8C822E-A751-4412-B839-90CAA118D870}.Debug|Any CPU.Build.0 = Debug|Any CPU
		{8E8C822E-A751-4412-B839-90CAA118D870}.Release|Any CPU.ActiveCfg = Release|Any CPU
		{8E8C822E-A751-4412-B839-90CAA118D870}.Release|Any CPU.Build.0 = Release|Any CPU
		{53C1AB12-FFF4-4E05-9604-58F18EF14FEA}.Debug|Any CPU.ActiveCfg = Debug|Any CPU
		{53C1AB12-FFF4-4E05-9604-58F18EF14FEA}.Debug|Any CPU.Build.0 = Debug|Any CPU
		{53C1AB12-FFF4-4E05-9604-58F18EF14FEA}.Release|Any CPU.ActiveCfg = Release|Any CPU
		{53C1AB12-FFF4-4E05-9604-58F18EF14FEA}.Release|Any CPU.Build.0 = Release|Any CPU
		{765D84E0-600F-4379-8859-F69906CB2D1E}.Debug|Any CPU.ActiveCfg = Debug|Any CPU
		{765D84E0-600F-4379-8859-F69906CB2D1E}.Debug|Any CPU.Build.0 = Debug|Any CPU
		{765D84E0-600F-4379-8859-F69906CB2D1E}.Release|Any CPU.ActiveCfg = Release|Any CPU
		{765D84E0-600F-4379-8859-F69906CB2D1E}.Release|Any CPU.Build.0 = Release|Any CPU
		{9187A3F9-D4DE-48A8-B386-C4C13FA224F1}.Debug|Any CPU.ActiveCfg = Debug|Any CPU
		{9187A3F9-D4DE-48A8-B386-C4C13FA224F1}.Debug|Any CPU.Build.0 = Debug|Any CPU
		{9187A3F9-D4DE-48A8-B386-C4C13FA224F1}.Release|Any CPU.ActiveCfg = Release|Any CPU
		{9187A3F9-D4DE-48A8-B386-C4C13FA224F1}.Release|Any CPU.Build.0 = Release|Any CPU
		{90BCD5B1-09E2-47F5-AE8A-D38A8F6C5AFC}.Debug|Any CPU.ActiveCfg = Debug|Any CPU
		{90BCD5B1-09E2-47F5-AE8A-D38A8F6C5AFC}.Debug|Any CPU.Build.0 = Debug|Any CPU
		{90BCD5B1-09E2-47F5-AE8A-D38A8F6C5AFC}.Release|Any CPU.ActiveCfg = Release|Any CPU
		{90BCD5B1-09E2-47F5-AE8A-D38A8F6C5AFC}.Release|Any CPU.Build.0 = Release|Any CPU
		{A6C0C898-671B-4587-B13F-D0A400EC8DAF}.Debug|Any CPU.ActiveCfg = Debug|Any CPU
		{A6C0C898-671B-4587-B13F-D0A400EC8DAF}.Debug|Any CPU.Build.0 = Debug|Any CPU
		{A6C0C898-671B-4587-B13F-D0A400EC8DAF}.Release|Any CPU.ActiveCfg = Release|Any CPU
		{A6C0C898-671B-4587-B13F-D0A400EC8DAF}.Release|Any CPU.Build.0 = Release|Any CPU
		{D4D9AD87-8186-4E56-912B-7B85D4985B8D}.Debug|Any CPU.ActiveCfg = Debug|Any CPU
		{D4D9AD87-8186-4E56-912B-7B85D4985B8D}.Debug|Any CPU.Build.0 = Debug|Any CPU
		{D4D9AD87-8186-4E56-912B-7B85D4985B8D}.Release|Any CPU.ActiveCfg = Release|Any CPU
		{D4D9AD87-8186-4E56-912B-7B85D4985B8D}.Release|Any CPU.Build.0 = Release|Any CPU
		{F273A598-0972-4B63-883A-EF67187EB929}.Debug|Any CPU.ActiveCfg = Debug|Any CPU
		{F273A598-0972-4B63-883A-EF67187EB929}.Debug|Any CPU.Build.0 = Debug|Any CPU
		{F273A598-0972-4B63-883A-EF67187EB929}.Release|Any CPU.ActiveCfg = Release|Any CPU
		{F273A598-0972-4B63-883A-EF67187EB929}.Release|Any CPU.Build.0 = Release|Any CPU
		{53E460ED-1B8B-4D6E-853D-F2668B900243}.Debug|Any CPU.ActiveCfg = Debug|Any CPU
		{53E460ED-1B8B-4D6E-853D-F2668B900243}.Debug|Any CPU.Build.0 = Debug|Any CPU
		{53E460ED-1B8B-4D6E-853D-F2668B900243}.Release|Any CPU.ActiveCfg = Release|Any CPU
		{53E460ED-1B8B-4D6E-853D-F2668B900243}.Release|Any CPU.Build.0 = Release|Any CPU
		{25D3FB24-144E-4384-85E3-048F73DB6EC8}.Debug|Any CPU.ActiveCfg = Debug|Any CPU
		{25D3FB24-144E-4384-85E3-048F73DB6EC8}.Debug|Any CPU.Build.0 = Debug|Any CPU
		{25D3FB24-144E-4384-85E3-048F73DB6EC8}.Release|Any CPU.ActiveCfg = Release|Any CPU
		{25D3FB24-144E-4384-85E3-048F73DB6EC8}.Release|Any CPU.Build.0 = Release|Any CPU
		{2866CC31-A364-4A82-BDD4-4A5CA54425F6}.Debug|Any CPU.ActiveCfg = Debug|Any CPU
		{2866CC31-A364-4A82-BDD4-4A5CA54425F6}.Debug|Any CPU.Build.0 = Debug|Any CPU
		{2866CC31-A364-4A82-BDD4-4A5CA54425F6}.Release|Any CPU.ActiveCfg = Release|Any CPU
		{2866CC31-A364-4A82-BDD4-4A5CA54425F6}.Release|Any CPU.Build.0 = Release|Any CPU
		{D24165A9-1CE4-420F-AE2E-AC2BA7A79055}.Debug|Any CPU.ActiveCfg = Debug|Any CPU
		{D24165A9-1CE4-420F-AE2E-AC2BA7A79055}.Debug|Any CPU.Build.0 = Debug|Any CPU
		{D24165A9-1CE4-420F-AE2E-AC2BA7A79055}.Release|Any CPU.ActiveCfg = Release|Any CPU
		{D24165A9-1CE4-420F-AE2E-AC2BA7A79055}.Release|Any CPU.Build.0 = Release|Any CPU
		{677B0FA8-F504-465A-A8E9-0337998F3BFA}.Debug|Any CPU.ActiveCfg = Debug|Any CPU
		{677B0FA8-F504-465A-A8E9-0337998F3BFA}.Debug|Any CPU.Build.0 = Debug|Any CPU
		{677B0FA8-F504-465A-A8E9-0337998F3BFA}.Release|Any CPU.ActiveCfg = Release|Any CPU
		{677B0FA8-F504-465A-A8E9-0337998F3BFA}.Release|Any CPU.Build.0 = Release|Any CPU
		{77CC05DB-1BF4-4C27-A283-EFB5056A2462}.Debug|Any CPU.ActiveCfg = Debug|Any CPU
		{77CC05DB-1BF4-4C27-A283-EFB5056A2462}.Debug|Any CPU.Build.0 = Debug|Any CPU
		{77CC05DB-1BF4-4C27-A283-EFB5056A2462}.Release|Any CPU.ActiveCfg = Release|Any CPU
		{77CC05DB-1BF4-4C27-A283-EFB5056A2462}.Release|Any CPU.Build.0 = Release|Any CPU
		{2F8499B0-F355-4E15-9630-72A71B36C024}.Debug|Any CPU.ActiveCfg = Debug|Any CPU
		{2F8499B0-F355-4E15-9630-72A71B36C024}.Debug|Any CPU.Build.0 = Debug|Any CPU
		{2F8499B0-F355-4E15-9630-72A71B36C024}.Release|Any CPU.ActiveCfg = Release|Any CPU
		{2F8499B0-F355-4E15-9630-72A71B36C024}.Release|Any CPU.Build.0 = Release|Any CPU
		{772E5841-9E78-4333-B13D-AE2FFD59CDB2}.Debug|Any CPU.ActiveCfg = Debug|Any CPU
		{772E5841-9E78-4333-B13D-AE2FFD59CDB2}.Debug|Any CPU.Build.0 = Debug|Any CPU
		{772E5841-9E78-4333-B13D-AE2FFD59CDB2}.Release|Any CPU.ActiveCfg = Release|Any CPU
		{772E5841-9E78-4333-B13D-AE2FFD59CDB2}.Release|Any CPU.Build.0 = Release|Any CPU
		{94BE42A4-6169-40AF-98F5-20F005C584FF}.Debug|Any CPU.ActiveCfg = Debug|Any CPU
		{94BE42A4-6169-40AF-98F5-20F005C584FF}.Debug|Any CPU.Build.0 = Debug|Any CPU
		{94BE42A4-6169-40AF-98F5-20F005C584FF}.Release|Any CPU.ActiveCfg = Release|Any CPU
		{94BE42A4-6169-40AF-98F5-20F005C584FF}.Release|Any CPU.Build.0 = Release|Any CPU
		{0B3C8F12-F274-49A5-AAA4-C9F14B815403}.Debug|Any CPU.ActiveCfg = Debug|Any CPU
		{0B3C8F12-F274-49A5-AAA4-C9F14B815403}.Debug|Any CPU.Build.0 = Debug|Any CPU
		{0B3C8F12-F274-49A5-AAA4-C9F14B815403}.Release|Any CPU.ActiveCfg = Release|Any CPU
		{0B3C8F12-F274-49A5-AAA4-C9F14B815403}.Release|Any CPU.Build.0 = Release|Any CPU
		{D4BB4948-85E0-4888-B153-DDEDEC91CFFF}.Debug|Any CPU.ActiveCfg = Debug|Any CPU
		{D4BB4948-85E0-4888-B153-DDEDEC91CFFF}.Debug|Any CPU.Build.0 = Debug|Any CPU
		{D4BB4948-85E0-4888-B153-DDEDEC91CFFF}.Release|Any CPU.ActiveCfg = Release|Any CPU
		{D4BB4948-85E0-4888-B153-DDEDEC91CFFF}.Release|Any CPU.Build.0 = Release|Any CPU
		{240729D0-D440-433E-9F17-01397E2DA130}.Debug|Any CPU.ActiveCfg = Debug|Any CPU
		{240729D0-D440-433E-9F17-01397E2DA130}.Debug|Any CPU.Build.0 = Debug|Any CPU
		{240729D0-D440-433E-9F17-01397E2DA130}.Release|Any CPU.ActiveCfg = Release|Any CPU
		{240729D0-D440-433E-9F17-01397E2DA130}.Release|Any CPU.Build.0 = Release|Any CPU
		{90F08CB1-3619-4B74-9787-DD7CD442C0FC}.Debug|Any CPU.ActiveCfg = Debug|Any CPU
		{90F08CB1-3619-4B74-9787-DD7CD442C0FC}.Debug|Any CPU.Build.0 = Debug|Any CPU
		{90F08CB1-3619-4B74-9787-DD7CD442C0FC}.Release|Any CPU.ActiveCfg = Release|Any CPU
		{90F08CB1-3619-4B74-9787-DD7CD442C0FC}.Release|Any CPU.Build.0 = Release|Any CPU
		{B3F601DC-954A-4E5D-80D7-1E54EB0B85A2}.Debug|Any CPU.ActiveCfg = Debug|Any CPU
		{B3F601DC-954A-4E5D-80D7-1E54EB0B85A2}.Debug|Any CPU.Build.0 = Debug|Any CPU
		{B3F601DC-954A-4E5D-80D7-1E54EB0B85A2}.Release|Any CPU.ActiveCfg = Release|Any CPU
		{B3F601DC-954A-4E5D-80D7-1E54EB0B85A2}.Release|Any CPU.Build.0 = Release|Any CPU
		{A65EB119-2B50-4275-8902-858A9DFA69DB}.Debug|Any CPU.ActiveCfg = Debug|Any CPU
		{A65EB119-2B50-4275-8902-858A9DFA69DB}.Debug|Any CPU.Build.0 = Debug|Any CPU
		{A65EB119-2B50-4275-8902-858A9DFA69DB}.Release|Any CPU.ActiveCfg = Release|Any CPU
		{A65EB119-2B50-4275-8902-858A9DFA69DB}.Release|Any CPU.Build.0 = Release|Any CPU
		{D4A00DA5-AD8B-44C7-8001-57CC747083AC}.Debug|Any CPU.ActiveCfg = Debug|Any CPU
		{D4A00DA5-AD8B-44C7-8001-57CC747083AC}.Debug|Any CPU.Build.0 = Debug|Any CPU
		{D4A00DA5-AD8B-44C7-8001-57CC747083AC}.Release|Any CPU.ActiveCfg = Release|Any CPU
		{D4A00DA5-AD8B-44C7-8001-57CC747083AC}.Release|Any CPU.Build.0 = Release|Any CPU
		{64C42EF4-0841-4D98-B80D-A5EB298B9A49}.Debug|Any CPU.ActiveCfg = Debug|Any CPU
		{64C42EF4-0841-4D98-B80D-A5EB298B9A49}.Debug|Any CPU.Build.0 = Debug|Any CPU
		{64C42EF4-0841-4D98-B80D-A5EB298B9A49}.Release|Any CPU.ActiveCfg = Release|Any CPU
		{64C42EF4-0841-4D98-B80D-A5EB298B9A49}.Release|Any CPU.Build.0 = Release|Any CPU
		{04CB27BB-EB49-4853-AD7A-FB89B4C7E57F}.Debug|Any CPU.ActiveCfg = Debug|Any CPU
		{04CB27BB-EB49-4853-AD7A-FB89B4C7E57F}.Debug|Any CPU.Build.0 = Debug|Any CPU
		{04CB27BB-EB49-4853-AD7A-FB89B4C7E57F}.Release|Any CPU.ActiveCfg = Release|Any CPU
		{04CB27BB-EB49-4853-AD7A-FB89B4C7E57F}.Release|Any CPU.Build.0 = Release|Any CPU
		{72A247A6-8D41-45EC-BED1-CE596EEECBF8}.Debug|Any CPU.ActiveCfg = Debug|Any CPU
		{72A247A6-8D41-45EC-BED1-CE596EEECBF8}.Debug|Any CPU.Build.0 = Debug|Any CPU
		{72A247A6-8D41-45EC-BED1-CE596EEECBF8}.Release|Any CPU.ActiveCfg = Release|Any CPU
		{72A247A6-8D41-45EC-BED1-CE596EEECBF8}.Release|Any CPU.Build.0 = Release|Any CPU
		{61E8439D-E604-4AB6-9D53-D6EEC8561A3C}.Debug|Any CPU.ActiveCfg = Debug|Any CPU
		{61E8439D-E604-4AB6-9D53-D6EEC8561A3C}.Debug|Any CPU.Build.0 = Debug|Any CPU
		{61E8439D-E604-4AB6-9D53-D6EEC8561A3C}.Release|Any CPU.ActiveCfg = Release|Any CPU
		{61E8439D-E604-4AB6-9D53-D6EEC8561A3C}.Release|Any CPU.Build.0 = Release|Any CPU
		{477DCE8E-B71F-4F5D-8FB4-0A62A774D63F}.Debug|Any CPU.ActiveCfg = Debug|Any CPU
		{477DCE8E-B71F-4F5D-8FB4-0A62A774D63F}.Debug|Any CPU.Build.0 = Debug|Any CPU
		{477DCE8E-B71F-4F5D-8FB4-0A62A774D63F}.Release|Any CPU.ActiveCfg = Release|Any CPU
		{477DCE8E-B71F-4F5D-8FB4-0A62A774D63F}.Release|Any CPU.Build.0 = Release|Any CPU
		{DD29966F-AD1C-40F6-97E0-B001DA23F59D}.Debug|Any CPU.ActiveCfg = Debug|Any CPU
		{DD29966F-AD1C-40F6-97E0-B001DA23F59D}.Debug|Any CPU.Build.0 = Debug|Any CPU
		{DD29966F-AD1C-40F6-97E0-B001DA23F59D}.Release|Any CPU.ActiveCfg = Release|Any CPU
		{DD29966F-AD1C-40F6-97E0-B001DA23F59D}.Release|Any CPU.Build.0 = Release|Any CPU
		{6A5A11AC-A400-4FC9-88ED-84479EFD30BE}.Debug|Any CPU.ActiveCfg = Debug|Any CPU
		{6A5A11AC-A400-4FC9-88ED-84479EFD30BE}.Debug|Any CPU.Build.0 = Debug|Any CPU
		{6A5A11AC-A400-4FC9-88ED-84479EFD30BE}.Release|Any CPU.ActiveCfg = Release|Any CPU
		{6A5A11AC-A400-4FC9-88ED-84479EFD30BE}.Release|Any CPU.Build.0 = Release|Any CPU
		{20B340DD-51B6-4A44-9A43-3E0DE390E685}.Debug|Any CPU.ActiveCfg = Debug|Any CPU
		{20B340DD-51B6-4A44-9A43-3E0DE390E685}.Debug|Any CPU.Build.0 = Debug|Any CPU
		{20B340DD-51B6-4A44-9A43-3E0DE390E685}.Release|Any CPU.ActiveCfg = Release|Any CPU
		{20B340DD-51B6-4A44-9A43-3E0DE390E685}.Release|Any CPU.Build.0 = Release|Any CPU
		{907D4FE1-82B3-4C65-9870-3ED8FF5DC6CF}.Debug|Any CPU.ActiveCfg = Debug|Any CPU
		{907D4FE1-82B3-4C65-9870-3ED8FF5DC6CF}.Debug|Any CPU.Build.0 = Debug|Any CPU
		{907D4FE1-82B3-4C65-9870-3ED8FF5DC6CF}.Release|Any CPU.ActiveCfg = Release|Any CPU
		{907D4FE1-82B3-4C65-9870-3ED8FF5DC6CF}.Release|Any CPU.Build.0 = Release|Any CPU
		{1CD9C917-B814-47BF-9791-9B212429356F}.Debug|Any CPU.ActiveCfg = Debug|Any CPU
		{1CD9C917-B814-47BF-9791-9B212429356F}.Debug|Any CPU.Build.0 = Debug|Any CPU
		{1CD9C917-B814-47BF-9791-9B212429356F}.Release|Any CPU.ActiveCfg = Release|Any CPU
		{1CD9C917-B814-47BF-9791-9B212429356F}.Release|Any CPU.Build.0 = Release|Any CPU
		{8E01A39A-0504-49EE-9551-6E4E1DB2F0C3}.Debug|Any CPU.ActiveCfg = Debug|Any CPU
		{8E01A39A-0504-49EE-9551-6E4E1DB2F0C3}.Debug|Any CPU.Build.0 = Debug|Any CPU
		{8E01A39A-0504-49EE-9551-6E4E1DB2F0C3}.Release|Any CPU.ActiveCfg = Release|Any CPU
		{8E01A39A-0504-49EE-9551-6E4E1DB2F0C3}.Release|Any CPU.Build.0 = Release|Any CPU
	EndGlobalSection
	GlobalSection(SolutionProperties) = preSolution
		HideSolutionNode = FALSE
	EndGlobalSection
EndGlobal
